{
  "originHash" : "154473b357f94c87b47dff90d534d7318f8abf969f760c1e44ef51ccde985105",
  "pins" : [
    {
      "identity" : "skip",
      "kind" : "remoteSourceControl",
      "location" : "https://source.skip.tools/skip.git",
      "state" : {
        "revision" : "40ea07a120b6954382f797cf2b0300b48c403060",
        "version" : "1.9.3"
      }
    },
    {
      "identity" : "skip-foundation",
      "kind" : "remoteSourceControl",
      "location" : "https://source.skip.tools/skip-foundation.git",
      "state" : {
        "revision" : "1854caad39cc2c9ce18e4d6765c79f026059e67e",
        "version" : "1.4.1"
      }
    },
    {
      "identity" : "skip-lib",
      "kind" : "remoteSourceControl",
      "location" : "https://source.skip.tools/skip-lib.git",
      "state" : {
        "revision" : "76e7da8a870b5b66ea0c3264f648b58b73bcdc0d",
        "version" : "1.4.0"
      }
    },
    {
      "identity" : "skip-model",
      "kind" : "remoteSourceControl",
      "location" : "https://source.skip.tools/skip-model.git",
      "state" : {
        "revision" : "eaf419fc17db626e87c4af3013a56e49aa980adb",
        "version" : "1.7.5"
      }
    },
    {
      "identity" : "skip-ui",
      "kind" : "remoteSourceControl",
      "location" : "https://source.skip.tools/skip-ui.git",
      "state" : {
        "revision" : "9f4345c797eeb1508ac4408ccdb2b37e6a6652ef",
        "version" : "1.57.0"
      }
    },
    {
      "identity" : "skip-unit",
      "kind" : "remoteSourceControl",
      "location" : "https://source.skip.tools/skip-unit.git",
      "state" : {
        "revision" : "c89af47fd645e04db863e938ade39f91e1bb62b8",
        "version" : "1.7.0"
      }
    }
  ],
  "version" : 3
}
