// !$*UTF8*$!
{
	archiveVersion = 1;
	classes = {
	};
	objectVersion = 77;
	objects = {

/* Begin PBXBuildFile section */
		14B445D8966F986AF16F027A /* UserDetailViewModel.swift in Sources */ = {isa = PBXBuildFile; fileRef = 0106ED495C9F782BA8CC6DCC /* UserDetailViewModel.swift */; };
		1576D18EF612D19439D2EC23 /* PostListViewModel+Models.swift in Sources */ = {isa = PBXBuildFile; fileRef = CCE0D2080B05198DF7E0F5B6 /* PostListViewModel+Models.swift */; };
		17DD0771F8E896F9F4945066 /* AppDelegate.swift in Sources */ = {isa = PBXBuildFile; fileRef = 8B97F8DCC38415F99D707257 /* AppDelegate.swift */; };
		1A9073ABF0501BBC85E85319 /* PostFilterView.swift in Sources */ = {isa = PBXBuildFile; fileRef = C116B2F138E28D4C0928DF25 /* PostFilterView.swift */; };
		1B256907AEDD63DE3686DEB1 /* APIStatus.swift in Sources */ = {isa = PBXBuildFile; fileRef = 3DACD541E16159B552B62874 /* APIStatus.swift */; };
		1E34B4A89A637284B20BD65E /* PostFilterViewModelTests.swift in Sources */ = {isa = PBXBuildFile; fileRef = 32CE01B18873FC8B20E3C9DB /* PostFilterViewModelTests.swift */; };
		264B1DF38738F9713C0F9937 /* PostListViewModel+APIs.swift in Sources */ = {isa = PBXBuildFile; fileRef = 44B95D20A3D5258F36456771 /* PostListViewModel+APIs.swift */; };
		268C35E630C7D2F533F364DC /* ProfileView.swift in Sources */ = {isa = PBXBuildFile; fileRef = 9482C4EDB7AD6CF5D825C737 /* ProfileView.swift */; };
		2EEC40313C2D096333F82FFD /* PostFilterViewModel+Models.swift in Sources */ = {isa = PBXBuildFile; fileRef = 5E38EBB7151613E403A1F395 /* PostFilterViewModel+Models.swift */; };
		33D74D0814498284B6C7E1CD /* SettingsViewModel+Models.swift in Sources */ = {isa = PBXBuildFile; fileRef = 5492EA8F210530746CC3BB01 /* SettingsViewModel+Models.swift */; };
		432E5E1501055DFDBC8A69B3 /* UserDetailViewModelTests.swift in Sources */ = {isa = PBXBuildFile; fileRef = 86670B7F07EC91BAC2ED4D66 /* UserDetailViewModelTests.swift */; };
		44DB7371496E0E75C943C116 /* PostDetailViewModel.swift in Sources */ = {isa = PBXBuildFile; fileRef = C0A8205741AC2DF613A15906 /* PostDetailViewModel.swift */; };
		4B6738034F300B26BD3B8F2C /* ProfileViewModel.swift in Sources */ = {isa = PBXBuildFile; fileRef = E70FCA5FB866F679B65BEC16 /* ProfileViewModel.swift */; };
		4C5B65502DB0F19455268EBB /* PostListViewModelTests.swift in Sources */ = {isa = PBXBuildFile; fileRef = 0356EFA0E7E1CB2874D0D37F /* PostListViewModelTests.swift */; };
		4EA5DAA27AD21A10CF642F99 /* PostDetailHostController.swift in Sources */ = {isa = PBXBuildFile; fileRef = 798CA3D1D472489121A34E5B /* PostDetailHostController.swift */; };
		5069034991459ACF1E2494B6 /* SettingsHostController.swift in Sources */ = {isa = PBXBuildFile; fileRef = 95E294C8DBC6F56848683344 /* SettingsHostController.swift */; };
		5586C3F5DD90455460DE9333 /* PostListMocks.swift in Sources */ = {isa = PBXBuildFile; fileRef = A85A97DAB5C20F3F94EFF5AE /* PostListMocks.swift */; };
		55EE1E649A72574AF6708B06 /* UserDetailViewModel+APIs.swift in Sources */ = {isa = PBXBuildFile; fileRef = 9AC2824A1EBC6583AC9EB2D9 /* UserDetailViewModel+APIs.swift */; };
		66D7FE6EB350DFE6BA4A9E21 /* Deeplink.swift in Sources */ = {isa = PBXBuildFile; fileRef = CBDA0261F25A1A100587EDFB /* Deeplink.swift */; };
		9986A84A08C38DD65AA73D08 /* PostListView.swift in Sources */ = {isa = PBXBuildFile; fileRef = ACE684FD01AD30993E2F660E /* PostListView.swift */; };
		AB7F47D967379AFDA4C7FBBD /* SettingsView.swift in Sources */ = {isa = PBXBuildFile; fileRef = FC266501119F17523DA1B9E4 /* SettingsView.swift */; };
		AE85D8BEA69C161A2664CD7D /* PostListHostController.swift in Sources */ = {isa = PBXBuildFile; fileRef = E1C0A46F2627755738E97F97 /* PostListHostController.swift */; };
		B102DE02B3C9B1AD9C4C062F /* PostFilterHostController.swift in Sources */ = {isa = PBXBuildFile; fileRef = 081FF2D63ACBB35A77A5D9E1 /* PostFilterHostController.swift */; };
		B2FCD1BD552D87168037BF95 /* UserDetailView.swift in Sources */ = {isa = PBXBuildFile; fileRef = E8D306EC274FA1962F1F2F62 /* UserDetailView.swift */; };
		B3900D220259E653F2F8AC28 /* ProfileHostController.swift in Sources */ = {isa = PBXBuildFile; fileRef = B5D2E542D7E17A5AE480E665 /* ProfileHostController.swift */; };
		BF011F4CB5ABF27DB823104C /* PostListViewModel.swift in Sources */ = {isa = PBXBuildFile; fileRef = 0175E21DA3A20467F4D75441 /* PostListViewModel.swift */; };
		C0588765289E3EBA6191E3D5 /* PostFilterViewModel.swift in Sources */ = {isa = PBXBuildFile; fileRef = D94965F73E2948DA320588EC /* PostFilterViewModel.swift */; };
		C616C31BFFCEC158AAD9FF92 /* PostDetailViewModel+Models.swift in Sources */ = {isa = PBXBuildFile; fileRef = 575EBE2CC67744A451DB8CB5 /* PostDetailViewModel+Models.swift */; };
		D1A028837F4B7E86581E89C5 /* PostDetailView.swift in Sources */ = {isa = PBXBuildFile; fileRef = 35CEFEAC999B47EC4A0AF8A1 /* PostDetailView.swift */; };
		D6D222746C2A2E2186C6BD41 /* UserDetailHostController.swift in Sources */ = {isa = PBXBuildFile; fileRef = 9A866C8A1D78391AE9D66F52 /* UserDetailHostController.swift */; };
		D7B325E9CDFEB4C5A2A9B382 /* PostDetailMocks.swift in Sources */ = {isa = PBXBuildFile; fileRef = 6E1445ACAEFD6FD121437D7F /* PostDetailMocks.swift */; };
		E1749EB90E3A000603DDB469 /* SettingsViewModel.swift in Sources */ = {isa = PBXBuildFile; fileRef = 10908ED73AB22BA395ECE6DE /* SettingsViewModel.swift */; };
		E61432B28D9755C43A666306 /* AppRouter.swift in Sources */ = {isa = PBXBuildFile; fileRef = B830F9640E19A3D6425C345B /* AppRouter.swift */; };
		E6898CE2168A6337791ACC16 /* SceneDelegate.swift in Sources */ = {isa = PBXBuildFile; fileRef = 24B4EB726C71E45B97192ABE /* SceneDelegate.swift */; };
		EF185B5B6AA85CE3444298FC /* UserDetailViewModel+Models.swift in Sources */ = {isa = PBXBuildFile; fileRef = 591FF0287038BA2948EF5A80 /* UserDetailViewModel+Models.swift */; };
		F30456F57A4462E5A6CA5B23 /* ProfileViewModel+Models.swift in Sources */ = {isa = PBXBuildFile; fileRef = 46DD98C43FF1F2BBF0BB60BD /* ProfileViewModel+Models.swift */; };
/* End PBXBuildFile section */

/* Begin PBXContainerItemProxy section */
		A3C9FAF7F8962DF92FB048D9 /* PBXContainerItemProxy */ = {
			isa = PBXContainerItemProxy;
			containerPortal = 3F09F379C8E40F779652EAEA /* Project object */;
			proxyType = 1;
			remoteGlobalIDString = 9B6DDACAC7A0898632527625;
			remoteInfo = MVVMCDemo;
		};
/* End PBXContainerItemProxy section */

/* Begin PBXFileReference section */
		0106ED495C9F782BA8CC6DCC /* UserDetailViewModel.swift */ = {isa = PBXFileReference; lastKnownFileType = sourcecode.swift; path = UserDetailViewModel.swift; sourceTree = "<group>"; };
		0175E21DA3A20467F4D75441 /* PostListViewModel.swift */ = {isa = PBXFileReference; lastKnownFileType = sourcecode.swift; path = PostListViewModel.swift; sourceTree = "<group>"; };
		0356EFA0E7E1CB2874D0D37F /* PostListViewModelTests.swift */ = {isa = PBXFileReference; lastKnownFileType = sourcecode.swift; path = PostListViewModelTests.swift; sourceTree = "<group>"; };
		081FF2D63ACBB35A77A5D9E1 /* PostFilterHostController.swift */ = {isa = PBXFileReference; lastKnownFileType = sourcecode.swift; path = PostFilterHostController.swift; sourceTree = "<group>"; };
		10908ED73AB22BA395ECE6DE /* SettingsViewModel.swift */ = {isa = PBXFileReference; lastKnownFileType = sourcecode.swift; path = SettingsViewModel.swift; sourceTree = "<group>"; };
		24B4EB726C71E45B97192ABE /* SceneDelegate.swift */ = {isa = PBXFileReference; lastKnownFileType = sourcecode.swift; path = SceneDelegate.swift; sourceTree = "<group>"; };
		2C46505C5743B50FC871F76B /* MVVMCDemoTests.xctest */ = {isa = PBXFileReference; includeInIndex = 0; lastKnownFileType = wrapper.cfbundle; path = MVVMCDemoTests.xctest; sourceTree = BUILT_PRODUCTS_DIR; };
		32CE01B18873FC8B20E3C9DB /* PostFilterViewModelTests.swift */ = {isa = PBXFileReference; lastKnownFileType = sourcecode.swift; path = PostFilterViewModelTests.swift; sourceTree = "<group>"; };
		35CEFEAC999B47EC4A0AF8A1 /* PostDetailView.swift */ = {isa = PBXFileReference; lastKnownFileType = sourcecode.swift; path = PostDetailView.swift; sourceTree = "<group>"; };
		3DACD541E16159B552B62874 /* APIStatus.swift */ = {isa = PBXFileReference; lastKnownFileType = sourcecode.swift; path = APIStatus.swift; sourceTree = "<group>"; };
		44B95D20A3D5258F36456771 /* PostListViewModel+APIs.swift */ = {isa = PBXFileReference; lastKnownFileType = sourcecode.swift; path = "PostListViewModel+APIs.swift"; sourceTree = "<group>"; };
		46DD98C43FF1F2BBF0BB60BD /* ProfileViewModel+Models.swift */ = {isa = PBXFileReference; lastKnownFileType = sourcecode.swift; path = "ProfileViewModel+Models.swift"; sourceTree = "<group>"; };
		5492EA8F210530746CC3BB01 /* SettingsViewModel+Models.swift */ = {isa = PBXFileReference; lastKnownFileType = sourcecode.swift; path = "SettingsViewModel+Models.swift"; sourceTree = "<group>"; };
		575EBE2CC67744A451DB8CB5 /* PostDetailViewModel+Models.swift */ = {isa = PBXFileReference; lastKnownFileType = sourcecode.swift; path = "PostDetailViewModel+Models.swift"; sourceTree = "<group>"; };
		591FF0287038BA2948EF5A80 /* UserDetailViewModel+Models.swift */ = {isa = PBXFileReference; lastKnownFileType = sourcecode.swift; path = "UserDetailViewModel+Models.swift"; sourceTree = "<group>"; };
		5E38EBB7151613E403A1F395 /* PostFilterViewModel+Models.swift */ = {isa = PBXFileReference; lastKnownFileType = sourcecode.swift; path = "PostFilterViewModel+Models.swift"; sourceTree = "<group>"; };
		6E1445ACAEFD6FD121437D7F /* PostDetailMocks.swift */ = {isa = PBXFileReference; lastKnownFileType = sourcecode.swift; path = PostDetailMocks.swift; sourceTree = "<group>"; };
		798CA3D1D472489121A34E5B /* PostDetailHostController.swift */ = {isa = PBXFileReference; lastKnownFileType = sourcecode.swift; path = PostDetailHostController.swift; sourceTree = "<group>"; };
		86670B7F07EC91BAC2ED4D66 /* UserDetailViewModelTests.swift */ = {isa = PBXFileReference; lastKnownFileType = sourcecode.swift; path = UserDetailViewModelTests.swift; sourceTree = "<group>"; };
		8B97F8DCC38415F99D707257 /* AppDelegate.swift */ = {isa = PBXFileReference; lastKnownFileType = sourcecode.swift; path = AppDelegate.swift; sourceTree = "<group>"; };
		9482C4EDB7AD6CF5D825C737 /* ProfileView.swift */ = {isa = PBXFileReference; lastKnownFileType = sourcecode.swift; path = ProfileView.swift; sourceTree = "<group>"; };
		95E294C8DBC6F56848683344 /* SettingsHostController.swift */ = {isa = PBXFileReference; lastKnownFileType = sourcecode.swift; path = SettingsHostController.swift; sourceTree = "<group>"; };
		9A866C8A1D78391AE9D66F52 /* UserDetailHostController.swift */ = {isa = PBXFileReference; lastKnownFileType = sourcecode.swift; path = UserDetailHostController.swift; sourceTree = "<group>"; };
		9AC2824A1EBC6583AC9EB2D9 /* UserDetailViewModel+APIs.swift */ = {isa = PBXFileReference; lastKnownFileType = sourcecode.swift; path = "UserDetailViewModel+APIs.swift"; sourceTree = "<group>"; };
		A85A97DAB5C20F3F94EFF5AE /* PostListMocks.swift */ = {isa = PBXFileReference; lastKnownFileType = sourcecode.swift; path = PostListMocks.swift; sourceTree = "<group>"; };
		ACE684FD01AD30993E2F660E /* PostListView.swift */ = {isa = PBXFileReference; lastKnownFileType = sourcecode.swift; path = PostListView.swift; sourceTree = "<group>"; };
		B538692666D64D4E69AA73C6 /* Info.plist */ = {isa = PBXFileReference; lastKnownFileType = text.plist; path = Info.plist; sourceTree = "<group>"; };
		B5D2E542D7E17A5AE480E665 /* ProfileHostController.swift */ = {isa = PBXFileReference; lastKnownFileType = sourcecode.swift; path = ProfileHostController.swift; sourceTree = "<group>"; };
		B830F9640E19A3D6425C345B /* AppRouter.swift */ = {isa = PBXFileReference; lastKnownFileType = sourcecode.swift; path = AppRouter.swift; sourceTree = "<group>"; };
		C0A8205741AC2DF613A15906 /* PostDetailViewModel.swift */ = {isa = PBXFileReference; lastKnownFileType = sourcecode.swift; path = PostDetailViewModel.swift; sourceTree = "<group>"; };
		C116B2F138E28D4C0928DF25 /* PostFilterView.swift */ = {isa = PBXFileReference; lastKnownFileType = sourcecode.swift; path = PostFilterView.swift; sourceTree = "<group>"; };
		CBDA0261F25A1A100587EDFB /* Deeplink.swift */ = {isa = PBXFileReference; lastKnownFileType = sourcecode.swift; path = Deeplink.swift; sourceTree = "<group>"; };
		CCE0D2080B05198DF7E0F5B6 /* PostListViewModel+Models.swift */ = {isa = PBXFileReference; lastKnownFileType = sourcecode.swift; path = "PostListViewModel+Models.swift"; sourceTree = "<group>"; };
		D94965F73E2948DA320588EC /* PostFilterViewModel.swift */ = {isa = PBXFileReference; lastKnownFileType = sourcecode.swift; path = PostFilterViewModel.swift; sourceTree = "<group>"; };
		E1C0A46F2627755738E97F97 /* PostListHostController.swift */ = {isa = PBXFileReference; lastKnownFileType = sourcecode.swift; path = PostListHostController.swift; sourceTree = "<group>"; };
		E21332BDB5BF3DA12159DB10 /* MVVMCDemo.app */ = {isa = PBXFileReference; includeInIndex = 0; lastKnownFileType = wrapper.application; path = MVVMCDemo.app; sourceTree = BUILT_PRODUCTS_DIR; };
		E70FCA5FB866F679B65BEC16 /* ProfileViewModel.swift */ = {isa = PBXFileReference; lastKnownFileType = sourcecode.swift; path = ProfileViewModel.swift; sourceTree = "<group>"; };
		E8D306EC274FA1962F1F2F62 /* UserDetailView.swift */ = {isa = PBXFileReference; lastKnownFileType = sourcecode.swift; path = UserDetailView.swift; sourceTree = "<group>"; };
		FC266501119F17523DA1B9E4 /* SettingsView.swift */ = {isa = PBXFileReference; lastKnownFileType = sourcecode.swift; path = SettingsView.swift; sourceTree = "<group>"; };
/* End PBXFileReference section */

/* Begin PBXGroup section */
		017603BEF16850A7BCAA2D70 /* PostFilter */ = {
			isa = PBXGroup;
			children = (
				081FF2D63ACBB35A77A5D9E1 /* PostFilterHostController.swift */,
				C116B2F138E28D4C0928DF25 /* PostFilterView.swift */,
				D94965F73E2948DA320588EC /* PostFilterViewModel.swift */,
				5E38EBB7151613E403A1F395 /* PostFilterViewModel+Models.swift */,
			);
			path = PostFilter;
			sourceTree = "<group>";
		};
		03E963CEE3164019FB695A90 /* App */ = {
			isa = PBXGroup;
			children = (
				8B97F8DCC38415F99D707257 /* AppDelegate.swift */,
				B830F9640E19A3D6425C345B /* AppRouter.swift */,
				CBDA0261F25A1A100587EDFB /* Deeplink.swift */,
				B538692666D64D4E69AA73C6 /* Info.plist */,
				24B4EB726C71E45B97192ABE /* SceneDelegate.swift */,
			);
			path = App;
			sourceTree = "<group>";
		};
		072474B88C5969915BCAC9EA /* Profile */ = {
			isa = PBXGroup;
			children = (
				B5D2E542D7E17A5AE480E665 /* ProfileHostController.swift */,
				9482C4EDB7AD6CF5D825C737 /* ProfileView.swift */,
				E70FCA5FB866F679B65BEC16 /* ProfileViewModel.swift */,
				46DD98C43FF1F2BBF0BB60BD /* ProfileViewModel+Models.swift */,
			);
			path = Profile;
			sourceTree = "<group>";
		};
		2827C5B8C7F8B88D1E47DBB5 /* Tests */ = {
			isa = PBXGroup;
			children = (
				32CE01B18873FC8B20E3C9DB /* PostFilterViewModelTests.swift */,
				0356EFA0E7E1CB2874D0D37F /* PostListViewModelTests.swift */,
				86670B7F07EC91BAC2ED4D66 /* UserDetailViewModelTests.swift */,
			);
			path = Tests;
			sourceTree = "<group>";
		};
		34C73215F18C8986D936B69B /* PostDetail */ = {
			isa = PBXGroup;
			children = (
				798CA3D1D472489121A34E5B /* PostDetailHostController.swift */,
				6E1445ACAEFD6FD121437D7F /* PostDetailMocks.swift */,
				35CEFEAC999B47EC4A0AF8A1 /* PostDetailView.swift */,
				C0A8205741AC2DF613A15906 /* PostDetailViewModel.swift */,
				575EBE2CC67744A451DB8CB5 /* PostDetailViewModel+Models.swift */,
			);
			path = PostDetail;
			sourceTree = "<group>";
		};
		5622AED8606BAD5BE53AE375 /* Pages */ = {
			isa = PBXGroup;
			children = (
				34C73215F18C8986D936B69B /* PostDetail */,
				017603BEF16850A7BCAA2D70 /* PostFilter */,
				83007337CB2835C37F549A37 /* PostList */,
				072474B88C5969915BCAC9EA /* Profile */,
				E1EED3F88EBB5B2AB68D9B53 /* Settings */,
				BF9E9FEBD9FD4652E8361352 /* UserDetail */,
			);
			path = Pages;
			sourceTree = "<group>";
		};
		67C215F96C59C55A5285A91B /* Products */ = {
			isa = PBXGroup;
			children = (
				E21332BDB5BF3DA12159DB10 /* MVVMCDemo.app */,
				2C46505C5743B50FC871F76B /* MVVMCDemoTests.xctest */,
			);
			name = Products;
			sourceTree = "<group>";
		};
		6B9E992AC148705B02D4D98D /* Sources */ = {
			isa = PBXGroup;
			children = (
				03E963CEE3164019FB695A90 /* App */,
				5622AED8606BAD5BE53AE375 /* Pages */,
				71385EEE8FD4E3CD049AE5F4 /* Shared */,
			);
			path = Sources;
			sourceTree = "<group>";
		};
		6C23997E5BB9DEB350639BFB = {
			isa = PBXGroup;
			children = (
				6B9E992AC148705B02D4D98D /* Sources */,
				2827C5B8C7F8B88D1E47DBB5 /* Tests */,
				67C215F96C59C55A5285A91B /* Products */,
			);
			sourceTree = "<group>";
		};
		71385EEE8FD4E3CD049AE5F4 /* Shared */ = {
			isa = PBXGroup;
			children = (
				3DACD541E16159B552B62874 /* APIStatus.swift */,
			);
			path = Shared;
			sourceTree = "<group>";
		};
		83007337CB2835C37F549A37 /* PostList */ = {
			isa = PBXGroup;
			children = (
				E1C0A46F2627755738E97F97 /* PostListHostController.swift */,
				A85A97DAB5C20F3F94EFF5AE /* PostListMocks.swift */,
				ACE684FD01AD30993E2F660E /* PostListView.swift */,
				0175E21DA3A20467F4D75441 /* PostListViewModel.swift */,
				44B95D20A3D5258F36456771 /* PostListViewModel+APIs.swift */,
				CCE0D2080B05198DF7E0F5B6 /* PostListViewModel+Models.swift */,
			);
			path = PostList;
			sourceTree = "<group>";
		};
		BF9E9FEBD9FD4652E8361352 /* UserDetail */ = {
			isa = PBXGroup;
			children = (
				9A866C8A1D78391AE9D66F52 /* UserDetailHostController.swift */,
				E8D306EC274FA1962F1F2F62 /* UserDetailView.swift */,
				0106ED495C9F782BA8CC6DCC /* UserDetailViewModel.swift */,
				9AC2824A1EBC6583AC9EB2D9 /* UserDetailViewModel+APIs.swift */,
				591FF0287038BA2948EF5A80 /* UserDetailViewModel+Models.swift */,
			);
			path = UserDetail;
			sourceTree = "<group>";
		};
		E1EED3F88EBB5B2AB68D9B53 /* Settings */ = {
			isa = PBXGroup;
			children = (
				95E294C8DBC6F56848683344 /* SettingsHostController.swift */,
				FC266501119F17523DA1B9E4 /* SettingsView.swift */,
				10908ED73AB22BA395ECE6DE /* SettingsViewModel.swift */,
				5492EA8F210530746CC3BB01 /* SettingsViewModel+Models.swift */,
			);
			path = Settings;
			sourceTree = "<group>";
		};
/* End PBXGroup section */

/* Begin PBXNativeTarget section */
		5A6AE947BCA562FC3BF60E26 /* MVVMCDemoTests */ = {
			isa = PBXNativeTarget;
			buildConfigurationList = 1DE68A3B82FEA89872C56641 /* Build configuration list for PBXNativeTarget "MVVMCDemoTests" */;
			buildPhases = (
				73F7DC485E421AA73F90AC37 /* Sources */,
			);
			buildRules = (
			);
			dependencies = (
				C8B9C440C81657AECD256286 /* PBXTargetDependency */,
			);
			name = MVVMCDemoTests;
			packageProductDependencies = (
			);
			productName = MVVMCDemoTests;
			productReference = 2C46505C5743B50FC871F76B /* MVVMCDemoTests.xctest */;
			productType = "com.apple.product-type.bundle.unit-test";
		};
		9B6DDACAC7A0898632527625 /* MVVMCDemo */ = {
			isa = PBXNativeTarget;
			buildConfigurationList = 80D53C53E20D11D3AB548167 /* Build configuration list for PBXNativeTarget "MVVMCDemo" */;
			buildPhases = (
				E9CB0127EA2AE51E33A8C3DB /* Sources */,
			);
			buildRules = (
			);
			dependencies = (
			);
			name = MVVMCDemo;
			packageProductDependencies = (
			);
			productName = MVVMCDemo;
			productReference = E21332BDB5BF3DA12159DB10 /* MVVMCDemo.app */;
			productType = "com.apple.product-type.application";
		};
/* End PBXNativeTarget section */

/* Begin PBXProject section */
		3F09F379C8E40F779652EAEA /* Project object */ = {
			isa = PBXProject;
			attributes = {
				BuildIndependentTargetsInParallel = YES;
				LastUpgradeCheck = 1430;
				TargetAttributes = {
				};
			};
			buildConfigurationList = 9BEE9CFDC1C36459E0C5A90F /* Build configuration list for PBXProject "MVVMCDemo" */;
			developmentRegion = en;
			hasScannedForEncodings = 0;
			knownRegions = (
				Base,
				en,
			);
			mainGroup = 6C23997E5BB9DEB350639BFB;
			minimizedProjectReferenceProxies = 1;
			preferredProjectObjectVersion = 77;
			productRefGroup = 67C215F96C59C55A5285A91B /* Products */;
			projectDirPath = "";
			projectRoot = "";
			targets = (
				9B6DDACAC7A0898632527625 /* MVVMCDemo */,
				5A6AE947BCA562FC3BF60E26 /* MVVMCDemoTests */,
			);
		};
/* End PBXProject section */

/* Begin PBXSourcesBuildPhase section */
		73F7DC485E421AA73F90AC37 /* Sources */ = {
			isa = PBXSourcesBuildPhase;
			buildActionMask = 2147483647;
			files = (
				1E34B4A89A637284B20BD65E /* PostFilterViewModelTests.swift in Sources */,
				4C5B65502DB0F19455268EBB /* PostListViewModelTests.swift in Sources */,
				432E5E1501055DFDBC8A69B3 /* UserDetailViewModelTests.swift in Sources */,
			);
			runOnlyForDeploymentPostprocessing = 0;
		};
		E9CB0127EA2AE51E33A8C3DB /* Sources */ = {
			isa = PBXSourcesBuildPhase;
			buildActionMask = 2147483647;
			files = (
				1B256907AEDD63DE3686DEB1 /* APIStatus.swift in Sources */,
				17DD0771F8E896F9F4945066 /* AppDelegate.swift in Sources */,
				E61432B28D9755C43A666306 /* AppRouter.swift in Sources */,
				66D7FE6EB350DFE6BA4A9E21 /* Deeplink.swift in Sources */,
				4EA5DAA27AD21A10CF642F99 /* PostDetailHostController.swift in Sources */,
				D7B325E9CDFEB4C5A2A9B382 /* PostDetailMocks.swift in Sources */,
				D1A028837F4B7E86581E89C5 /* PostDetailView.swift in Sources */,
				C616C31BFFCEC158AAD9FF92 /* PostDetailViewModel+Models.swift in Sources */,
				44DB7371496E0E75C943C116 /* PostDetailViewModel.swift in Sources */,
				B102DE02B3C9B1AD9C4C062F /* PostFilterHostController.swift in Sources */,
				1A9073ABF0501BBC85E85319 /* PostFilterView.swift in Sources */,
				2EEC40313C2D096333F82FFD /* PostFilterViewModel+Models.swift in Sources */,
				C0588765289E3EBA6191E3D5 /* PostFilterViewModel.swift in Sources */,
				AE85D8BEA69C161A2664CD7D /* PostListHostController.swift in Sources */,
				5586C3F5DD90455460DE9333 /* PostListMocks.swift in Sources */,
				9986A84A08C38DD65AA73D08 /* PostListView.swift in Sources */,
				264B1DF38738F9713C0F9937 /* PostListViewModel+APIs.swift in Sources */,
				1576D18EF612D19439D2EC23 /* PostListViewModel+Models.swift in Sources */,
				BF011F4CB5ABF27DB823104C /* PostListViewModel.swift in Sources */,
				B3900D220259E653F2F8AC28 /* ProfileHostController.swift in Sources */,
				268C35E630C7D2F533F364DC /* ProfileView.swift in Sources */,
				F30456F57A4462E5A6CA5B23 /* ProfileViewModel+Models.swift in Sources */,
				4B6738034F300B26BD3B8F2C /* ProfileViewModel.swift in Sources */,
				E6898CE2168A6337791ACC16 /* SceneDelegate.swift in Sources */,
				5069034991459ACF1E2494B6 /* SettingsHostController.swift in Sources */,
				AB7F47D967379AFDA4C7FBBD /* SettingsView.swift in Sources */,
				33D74D0814498284B6C7E1CD /* SettingsViewModel+Models.swift in Sources */,
				E1749EB90E3A000603DDB469 /* SettingsViewModel.swift in Sources */,
				D6D222746C2A2E2186C6BD41 /* UserDetailHostController.swift in Sources */,
				B2FCD1BD552D87168037BF95 /* UserDetailView.swift in Sources */,
				55EE1E649A72574AF6708B06 /* UserDetailViewModel+APIs.swift in Sources */,
				EF185B5B6AA85CE3444298FC /* UserDetailViewModel+Models.swift in Sources */,
				14B445D8966F986AF16F027A /* UserDetailViewModel.swift in Sources */,
			);
			runOnlyForDeploymentPostprocessing = 0;
		};
/* End PBXSourcesBuildPhase section */

/* Begin PBXTargetDependency section */
		C8B9C440C81657AECD256286 /* PBXTargetDependency */ = {
			isa = PBXTargetDependency;
			target = 9B6DDACAC7A0898632527625 /* MVVMCDemo */;
			targetProxy = A3C9FAF7F8962DF92FB048D9 /* PBXContainerItemProxy */;
		};
/* End PBXTargetDependency section */

/* Begin XCBuildConfiguration section */
		1482D5D738F33A22B1585691 /* Debug */ = {
			isa = XCBuildConfiguration;
			buildSettings = {
				BUNDLE_LOADER = "$(TEST_HOST)";
				GENERATE_INFOPLIST_FILE = YES;
				LD_RUNPATH_SEARCH_PATHS = (
					"$(inherited)",
					"@executable_path/Frameworks",
					"@loader_path/Frameworks",
				);
				PRODUCT_BUNDLE_IDENTIFIER = com.joe.mvvmc.MVVMCDemoTests;
				SDKROOT = iphoneos;
				SWIFT_STRICT_CONCURRENCY = targeted;
				TARGETED_DEVICE_FAMILY = 1;
				TEST_HOST = "$(BUILT_PRODUCTS_DIR)/MVVMCDemo.app/MVVMCDemo";
			};
			name = Debug;
		};
		30D2FA75ECF90D2A51255997 /* Release */ = {
			isa = XCBuildConfiguration;
			buildSettings = {
				ALWAYS_SEARCH_USER_PATHS = NO;
				CLANG_ANALYZER_NONNULL = YES;
				CLANG_ANALYZER_NUMBER_OBJECT_CONVERSION = YES_AGGRESSIVE;
				CLANG_CXX_LANGUAGE_STANDARD = "gnu++14";
				CLANG_CXX_LIBRARY = "libc++";
				CLANG_ENABLE_MODULES = YES;
				CLANG_ENABLE_OBJC_ARC = YES;
				CLANG_ENABLE_OBJC_WEAK = YES;
				CLANG_WARN_BLOCK_CAPTURE_AUTORELEASING = YES;
				CLANG_WARN_BOOL_CONVERSION = YES;
				CLANG_WARN_COMMA = YES;
				CLANG_WARN_CONSTANT_CONVERSION = YES;
				CLANG_WARN_DEPRECATED_OBJC_IMPLEMENTATIONS = YES;
				CLANG_WARN_DIRECT_OBJC_ISA_USAGE = YES_ERROR;
				CLANG_WARN_DOCUMENTATION_COMMENTS = YES;
				CLANG_WARN_EMPTY_BODY = YES;
				CLANG_WARN_ENUM_CONVERSION = YES;
				CLANG_WARN_INFINITE_RECURSION = YES;
				CLANG_WARN_INT_CONVERSION = YES;
				CLANG_WARN_NON_LITERAL_NULL_CONVERSION = YES;
				CLANG_WARN_OBJC_IMPLICIT_RETAIN_SELF = YES;
				CLANG_WARN_OBJC_LITERAL_CONVERSION = YES;
				CLANG_WARN_OBJC_ROOT_CLASS = YES_ERROR;
				CLANG_WARN_QUOTED_INCLUDE_IN_FRAMEWORK_HEADER = YES;
				CLANG_WARN_RANGE_LOOP_ANALYSIS = YES;
				CLANG_WARN_STRICT_PROTOTYPES = YES;
				CLANG_WARN_SUSPICIOUS_MOVE = YES;
				CLANG_WARN_UNGUARDED_AVAILABILITY = YES_AGGRESSIVE;
				CLANG_WARN_UNREACHABLE_CODE = YES;
				CLANG_WARN__DUPLICATE_METHOD_MATCH = YES;
				COPY_PHASE_STRIP = NO;
				DEBUG_INFORMATION_FORMAT = "dwarf-with-dsym";
				ENABLE_NS_ASSERTIONS = NO;
				ENABLE_STRICT_OBJC_MSGSEND = YES;
				GCC_C_LANGUAGE_STANDARD = gnu11;
				GCC_NO_COMMON_BLOCKS = YES;
				GCC_WARN_64_TO_32_BIT_CONVERSION = YES;
				GCC_WARN_ABOUT_RETURN_TYPE = YES_ERROR;
				GCC_WARN_UNDECLARED_SELECTOR = YES;
				GCC_WARN_UNINITIALIZED_AUTOS = YES_AGGRESSIVE;
				GCC_WARN_UNUSED_FUNCTION = YES;
				GCC_WARN_UNUSED_VARIABLE = YES;
				IPHONEOS_DEPLOYMENT_TARGET = 17.0;
				MTL_ENABLE_DEBUG_INFO = NO;
				MTL_FAST_MATH = YES;
				PRODUCT_NAME = "$(TARGET_NAME)";
				SDKROOT = iphoneos;
				SWIFT_COMPILATION_MODE = wholemodule;
				SWIFT_OPTIMIZATION_LEVEL = "-O";
				SWIFT_VERSION = 5.0;
			};
			name = Release;
		};
		48312AF4F818051BFCB16E5B /* Release */ = {
			isa = XCBuildConfiguration;
			buildSettings = {
				BUNDLE_LOADER = "$(TEST_HOST)";
				GENERATE_INFOPLIST_FILE = YES;
				LD_RUNPATH_SEARCH_PATHS = (
					"$(inherited)",
					"@executable_path/Frameworks",
					"@loader_path/Frameworks",
				);
				PRODUCT_BUNDLE_IDENTIFIER = com.joe.mvvmc.MVVMCDemoTests;
				SDKROOT = iphoneos;
				SWIFT_STRICT_CONCURRENCY = targeted;
				TARGETED_DEVICE_FAMILY = 1;
				TEST_HOST = "$(BUILT_PRODUCTS_DIR)/MVVMCDemo.app/MVVMCDemo";
			};
			name = Release;
		};
		720AAF6B2923CC2621DFA4DC /* Release */ = {
			isa = XCBuildConfiguration;
			buildSettings = {
				ASSETCATALOG_COMPILER_APPICON_NAME = AppIcon;
				CODE_SIGN_IDENTITY = "iPhone Developer";
				INFOPLIST_FILE = Sources/App/Info.plist;
				LD_RUNPATH_SEARCH_PATHS = (
					"$(inherited)",
					"@executable_path/Frameworks",
				);
				PRODUCT_BUNDLE_IDENTIFIER = com.joe.mvvmc.demo;
				SDKROOT = iphoneos;
				SWIFT_STRICT_CONCURRENCY = targeted;
				TARGETED_DEVICE_FAMILY = 1;
			};
			name = Release;
		};
		7CBF0FBA8406A8AF5EA6EEE9 /* Debug */ = {
			isa = XCBuildConfiguration;
			buildSettings = {
				ASSETCATALOG_COMPILER_APPICON_NAME = AppIcon;
				CODE_SIGN_IDENTITY = "iPhone Developer";
				INFOPLIST_FILE = Sources/App/Info.plist;
				LD_RUNPATH_SEARCH_PATHS = (
					"$(inherited)",
					"@executable_path/Frameworks",
				);
				PRODUCT_BUNDLE_IDENTIFIER = com.joe.mvvmc.demo;
				SDKROOT = iphoneos;
				SWIFT_STRICT_CONCURRENCY = targeted;
				TARGETED_DEVICE_FAMILY = 1;
			};
			name = Debug;
		};
		FA0B883703ABEAD08E3F8BBA /* Debug */ = {
			isa = XCBuildConfiguration;
			buildSettings = {
				ALWAYS_SEARCH_USER_PATHS = NO;
				CLANG_ANALYZER_NONNULL = YES;
				CLANG_ANALYZER_NUMBER_OBJECT_CONVERSION = YES_AGGRESSIVE;
				CLANG_CXX_LANGUAGE_STANDARD = "gnu++14";
				CLANG_CXX_LIBRARY = "libc++";
				CLANG_ENABLE_MODULES = YES;
				CLANG_ENABLE_OBJC_ARC = YES;
				CLANG_ENABLE_OBJC_WEAK = YES;
				CLANG_WARN_BLOCK_CAPTURE_AUTORELEASING = YES;
				CLANG_WARN_BOOL_CONVERSION = YES;
				CLANG_WARN_COMMA = YES;
				CLANG_WARN_CONSTANT_CONVERSION = YES;
				CLANG_WARN_DEPRECATED_OBJC_IMPLEMENTATIONS = YES;
				CLANG_WARN_DIRECT_OBJC_ISA_USAGE = YES_ERROR;
				CLANG_WARN_DOCUMENTATION_COMMENTS = YES;
				CLANG_WARN_EMPTY_BODY = YES;
				CLANG_WARN_ENUM_CONVERSION = YES;
				CLANG_WARN_INFINITE_RECURSION = YES;
				CLANG_WARN_INT_CONVERSION = YES;
				CLANG_WARN_NON_LITERAL_NULL_CONVERSION = YES;
				CLANG_WARN_OBJC_IMPLICIT_RETAIN_SELF = YES;
				CLANG_WARN_OBJC_LITERAL_CONVERSION = YES;
				CLANG_WARN_OBJC_ROOT_CLASS = YES_ERROR;
				CLANG_WARN_QUOTED_INCLUDE_IN_FRAMEWORK_HEADER = YES;
				CLANG_WARN_RANGE_LOOP_ANALYSIS = YES;
				CLANG_WARN_STRICT_PROTOTYPES = YES;
				CLANG_WARN_SUSPICIOUS_MOVE = YES;
				CLANG_WARN_UNGUARDED_AVAILABILITY = YES_AGGRESSIVE;
				CLANG_WARN_UNREACHABLE_CODE = YES;
				CLANG_WARN__DUPLICATE_METHOD_MATCH = YES;
				COPY_PHASE_STRIP = NO;
				DEBUG_INFORMATION_FORMAT = dwarf;
				ENABLE_STRICT_OBJC_MSGSEND = YES;
				ENABLE_TESTABILITY = YES;
				GCC_C_LANGUAGE_STANDARD = gnu11;
				GCC_DYNAMIC_NO_PIC = NO;
				GCC_NO_COMMON_BLOCKS = YES;
				GCC_OPTIMIZATION_LEVEL = 0;
				GCC_PREPROCESSOR_DEFINITIONS = (
					"$(inherited)",
					"DEBUG=1",
				);
				GCC_WARN_64_TO_32_BIT_CONVERSION = YES;
				GCC_WARN_ABOUT_RETURN_TYPE = YES_ERROR;
				GCC_WARN_UNDECLARED_SELECTOR = YES;
				GCC_WARN_UNINITIALIZED_AUTOS = YES_AGGRESSIVE;
				GCC_WARN_UNUSED_FUNCTION = YES;
				GCC_WARN_UNUSED_VARIABLE = YES;
				IPHONEOS_DEPLOYMENT_TARGET = 17.0;
				MTL_ENABLE_DEBUG_INFO = INCLUDE_SOURCE;
				MTL_FAST_MATH = YES;
				ONLY_ACTIVE_ARCH = YES;
				PRODUCT_NAME = "$(TARGET_NAME)";
				SDKROOT = iphoneos;
				SWIFT_ACTIVE_COMPILATION_CONDITIONS = DEBUG;
				SWIFT_OPTIMIZATION_LEVEL = "-Onone";
				SWIFT_VERSION = 5.0;
			};
			name = Debug;
		};
/* End XCBuildConfiguration section */

/* Begin XCConfigurationList section */
		1DE68A3B82FEA89872C56641 /* Build configuration list for PBXNativeTarget "MVVMCDemoTests" */ = {
			isa = XCConfigurationList;
			buildConfigurations = (
				1482D5D738F33A22B1585691 /* Debug */,
				48312AF4F818051BFCB16E5B /* Release */,
			);
			defaultConfigurationIsVisible = 0;
			defaultConfigurationName = Debug;
		};
		80D53C53E20D11D3AB548167 /* Build configuration list for PBXNativeTarget "MVVMCDemo" */ = {
			isa = XCConfigurationList;
			buildConfigurations = (
				7CBF0FBA8406A8AF5EA6EEE9 /* Debug */,
				720AAF6B2923CC2621DFA4DC /* Release */,
			);
			defaultConfigurationIsVisible = 0;
			defaultConfigurationName = Debug;
		};
		9BEE9CFDC1C36459E0C5A90F /* Build configuration list for PBXProject "MVVMCDemo" */ = {
			isa = XCConfigurationList;
			buildConfigurations = (
				FA0B883703ABEAD08E3F8BBA /* Debug */,
				30D2FA75ECF90D2A51255997 /* Release */,
			);
			defaultConfigurationIsVisible = 0;
			defaultConfigurationName = Debug;
		};
/* End XCConfigurationList section */
	};
	rootObject = 3F09F379C8E40F779652EAEA /* Project object */;
}
